
Microsoft Visual Studio Solution File, Format Version 12.00
# Visual Studio Version 16
VisualStudioVersion = 16.0.32106.194
MinimumVisualStudioVersion = 10.0.40219.1
Project("{FAE04EC0-301F-11D3-BF4B-00C04F79EFBC}") = "T-3", "T-3.csproj", "{C5930AA8-D6F9-48F2-A206-536CC039C0B5}"
EndProject
Global
	GlobalSection(SolutionConfigurationPlatforms) = preSolution
		Debug|Any CPU = Debug|Any CPU
		Release|Any CPU = Release|Any CPU
	EndGlobalSection
	GlobalSection(ProjectConfigurationPlatforms) = postSolution
		{C5930AA8-D6F9-48F2-A206-536CC039C0B5}.Debug|Any CPU.ActiveCfg = Debug|Any CPU
		{C5930AA8-D6F9-48F2-A206-536CC039C0B5}.Debug|Any CPU.Build.0 = Debug|Any CPU
		{C5930AA8-D6F9-48F2-A206-536CC039C0B5}.Release|Any CPU.ActiveCfg = Release|Any CPU
		{C5930AA8-D6F9-48F2-A206-536CC039C0B5}.Release|Any CPU.Build.0 = Release|Any CPU
	EndGlobalSection
	GlobalSection(SolutionProperties) = preSolution
		HideSolutionNode = FALSE
	EndGlobalSection
	GlobalSection(ExtensibilityGlobals) = postSolution
		SolutionGuid = {2446960B-E0E7-4D2F-A761-E056E8328384}
	EndGlobalSection
EndGlobal
